// !$*UTF8*$!
{
	archiveVersion = 1;
	classes = {
	};
	objectVersion = 46;
	objects = {

/* Begin PBXBuildFile section */
		F63600FF1A29623100E3DB35 /* LICENSE in Resources */ = {isa = PBXBuildFile; fileRef = F63600FD1A29623100E3DB35 /* LICENSE */; };
		F6B76CDD1CC8C04400436CB2 /* XLYALEAtrribute.m in Sources */ = {isa = PBXBuildFile; fileRef = F6B76CDC1CC8C04400436CB2 /* XLYALEAtrribute.m */; };
		F6B76CE11CC8CD9700436CB2 /* XLYALEGeneration.m in Sources */ = {isa = PBXBuildFile; fileRef = F6B76CE01CC8CD9700436CB2 /* XLYALEGeneration.m */; };
		F6B76CE61CC8E89100436CB2 /* XLYALECocoaExtension.m in Sources */ = {isa = PBXBuildFile; fileRef = F6B76CE51CC8E89100436CB2 /* XLYALECocoaExtension.m */; };
		F6D2FFCD1A1B825000981D11 /* main.m in Sources */ = {isa = PBXBuildFile; fileRef = F6D2FFCC1A1B825000981D11 /* main.m */; };
		F6D2FFD01A1B825000981D11 /* AppDelegate.m in Sources */ = {isa = PBXBuildFile; fileRef = F6D2FFCF1A1B825000981D11 /* AppDelegate.m */; };
		F6D2FFD61A1B825000981D11 /* Main.storyboard in Resources */ = {isa = PBXBuildFile; fileRef = F6D2FFD41A1B825000981D11 /* Main.storyboard */; };
		F6D2FFD81A1B825000981D11 /* Images.xcassets in Resources */ = {isa = PBXBuildFile; fileRef = F6D2FFD71A1B825000981D11 /* Images.xcassets */; };
		F6D2FFDB1A1B825000981D11 /* LaunchScreen.xib in Resources */ = {isa = PBXBuildFile; fileRef = F6D2FFD91A1B825000981D11 /* LaunchScreen.xib */; };
		F6D2FFE71A1B825000981D11 /* XLYAutoLayoutEasyDemoTests.m in Sources */ = {isa = PBXBuildFile; fileRef = F6D2FFE61A1B825000981D11 /* XLYAutoLayoutEasyDemoTests.m */; };
/* End PBXBuildFile section */

/* Begin PBXContainerItemProxy section */
		F6D2FFE11A1B825000981D11 /* PBXContainerItemProxy */ = {
			isa = PBXContainerItemProxy;
			containerPortal = F6D2FFBF1A1B825000981D11 /* Project object */;
			proxyType = 1;
			remoteGlobalIDString = F6D2FFC61A1B825000981D11;
			remoteInfo = XLYAutoLayoutEasyDemo;
		};
/* End PBXContainerItemProxy section */

/* Begin PBXFileReference section */
		F63600FD1A29623100E3DB35 /* LICENSE */ = {isa = PBXFileReference; fileEncoding = 4; lastKnownFileType = text; name = LICENSE; path = ../LICENSE; sourceTree = "<group>"; };
		F63600FE1A29623100E3DB35 /* README.md */ = {isa = PBXFileReference; fileEncoding = 4; lastKnownFileType = net.daringfireball.markdown; name = README.md; path = ../README.md; sourceTree = "<group>"; };
		F6B76CDB1CC8C04400436CB2 /* XLYALEAtrribute.h */ = {isa = PBXFileReference; fileEncoding = 4; lastKnownFileType = sourcecode.c.h; path = XLYALEAtrribute.h; sourceTree = "<group>"; };
		F6B76CDC1CC8C04400436CB2 /* XLYALEAtrribute.m */ = {isa = PBXFileReference; fileEncoding = 4; lastKnownFileType = sourcecode.c.objc; path = XLYALEAtrribute.m; sourceTree = "<group>"; };
		F6B76CDE1CC8C06900436CB2 /* XLYALEProtocols.h */ = {isa = PBXFileReference; lastKnownFileType = sourcecode.c.h; path = XLYALEProtocols.h; sourceTree = "<group>"; };
		F6B76CDF1CC8CD9700436CB2 /* XLYALEGeneration.h */ = {isa = PBXFileReference; fileEncoding = 4; lastKnownFileType = sourcecode.c.h; path = XLYALEGeneration.h; sourceTree = "<group>"; };
		F6B76CE01CC8CD9700436CB2 /* XLYALEGeneration.m */ = {isa = PBXFileReference; fileEncoding = 4; lastKnownFileType = sourcecode.c.objc; path = XLYALEGeneration.m; sourceTree = "<group>"; };
		F6B76CE21CC8D3EE00436CB2 /* XLYALEPrivate.h */ = {isa = PBXFileReference; lastKnownFileType = sourcecode.c.h; name = XLYALEPrivate.h; path = Private/XLYALEPrivate.h; sourceTree = "<group>"; };
		F6B76CE41CC8E89100436CB2 /* XLYALECocoaExtension.h */ = {isa = PBXFileReference; fileEncoding = 4; lastKnownFileType = sourcecode.c.h; path = XLYALECocoaExtension.h; sourceTree = "<group>"; };
		F6B76CE51CC8E89100436CB2 /* XLYALECocoaExtension.m */ = {isa = PBXFileReference; fileEncoding = 4; lastKnownFileType = sourcecode.c.objc; path = XLYALECocoaExtension.m; sourceTree = "<group>"; };
		F6D2FFC71A1B825000981D11 /* XLYAutoLayoutEasyDemo.app */ = {isa = PBXFileReference; explicitFileType = wrapper.application; includeInIndex = 0; path = XLYAutoLayoutEasyDemo.app; sourceTree = BUILT_PRODUCTS_DIR; };
		F6D2FFCB1A1B825000981D11 /* Info.plist */ = {isa = PBXFileReference; lastKnownFileType = text.plist.xml; path = Info.plist; sourceTree = "<group>"; };
		F6D2FFCC1A1B825000981D11 /* main.m */ = {isa = PBXFileReference; lastKnownFileType = sourcecode.c.objc; path = main.m; sourceTree = "<group>"; };
		F6D2FFCE1A1B825000981D11 /* AppDelegate.h */ = {isa = PBXFileReference; lastKnownFileType = sourcecode.c.h; path = AppDelegate.h; sourceTree = "<group>"; };
		F6D2FFCF1A1B825000981D11 /* AppDelegate.m */ = {isa = PBXFileReference; lastKnownFileType = sourcecode.c.objc; path = AppDelegate.m; sourceTree = "<group>"; };
		F6D2FFD51A1B825000981D11 /* Base */ = {isa = PBXFileReference; lastKnownFileType = file.storyboard; name = Base; path = Base.lproj/Main.storyboard; sourceTree = "<group>"; };
		F6D2FFD71A1B825000981D11 /* Images.xcassets */ = {isa = PBXFileReference; lastKnownFileType = folder.assetcatalog; path = Images.xcassets; sourceTree = "<group>"; };
		F6D2FFDA1A1B825000981D11 /* Base */ = {isa = PBXFileReference; lastKnownFileType = file.xib; name = Base; path = Base.lproj/LaunchScreen.xib; sourceTree = "<group>"; };
		F6D2FFE01A1B825000981D11 /* XLYAutoLayoutEasyDemoTests.xctest */ = {isa = PBXFileReference; explicitFileType = wrapper.cfbundle; includeInIndex = 0; path = XLYAutoLayoutEasyDemoTests.xctest; sourceTree = BUILT_PRODUCTS_DIR; };
		F6D2FFE51A1B825000981D11 /* Info.plist */ = {isa = PBXFileReference; lastKnownFileType = text.plist.xml; path = Info.plist; sourceTree = "<group>"; };
		F6D2FFE61A1B825000981D11 /* XLYAutoLayoutEasyDemoTests.m */ = {isa = PBXFileReference; lastKnownFileType = sourcecode.c.objc; path = XLYAutoLayoutEasyDemoTests.m; sourceTree = "<group>"; };
		F6EE007E1A246774005CF20D /* XLYAutoLayoutEasyDemo-Bridging-Header.h */ = {isa = PBXFileReference; lastKnownFileType = sourcecode.c.h; path = "XLYAutoLayoutEasyDemo-Bridging-Header.h"; sourceTree = "<group>"; };
/* End PBXFileReference section */

/* Begin PBXFrameworksBuildPhase section */
		F6D2FFC41A1B825000981D11 /* Frameworks */ = {
			isa = PBXFrameworksBuildPhase;
			buildActionMask = 2147483647;
			files = (
			);
			runOnlyForDeploymentPostprocessing = 0;
		};
		F6D2FFDD1A1B825000981D11 /* Frameworks */ = {
			isa = PBXFrameworksBuildPhase;
			buildActionMask = 2147483647;
			files = (
			);
			runOnlyForDeploymentPostprocessing = 0;
		};
/* End PBXFrameworksBuildPhase section */

/* Begin PBXGroup section */
		F62063311A1DF13400432ED8 /* XLYAutoLayoutEasy */ = {
			isa = PBXGroup;
			children = (
				F63600FD1A29623100E3DB35 /* LICENSE */,
				F63600FE1A29623100E3DB35 /* README.md */,
				F6B76CDE1CC8C06900436CB2 /* XLYALEProtocols.h */,
				F6B76CDF1CC8CD9700436CB2 /* XLYALEGeneration.h */,
				F6B76CE01CC8CD9700436CB2 /* XLYALEGeneration.m */,
				F6B76CDB1CC8C04400436CB2 /* XLYALEAtrribute.h */,
				F6B76CDC1CC8C04400436CB2 /* XLYALEAtrribute.m */,
				F6B76CE41CC8E89100436CB2 /* XLYALECocoaExtension.h */,
				F6B76CE51CC8E89100436CB2 /* XLYALECocoaExtension.m */,
				F6B76CE21CC8D3EE00436CB2 /* XLYALEPrivate.h */,
			);
			name = XLYAutoLayoutEasy;
			path = ../codes;
			sourceTree = "<group>";
		};
		F6D2FFBE1A1B825000981D11 = {
			isa = PBXGroup;
			children = (
				F62063311A1DF13400432ED8 /* XLYAutoLayoutEasy */,
				F6D2FFC91A1B825000981D11 /* XLYAutoLayoutEasyDemo */,
				F6D2FFE31A1B825000981D11 /* XLYAutoLayoutEasyDemoTests */,
				F6D2FFC81A1B825000981D11 /* Products */,
			);
			sourceTree = "<group>";
		};
		F6D2FFC81A1B825000981D11 /* Products */ = {
			isa = PBXGroup;
			children = (
				F6D2FFC71A1B825000981D11 /* XLYAutoLayoutEasyDemo.app */,
				F6D2FFE01A1B825000981D11 /* XLYAutoLayoutEasyDemoTests.xctest */,
			);
			name = Products;
			sourceTree = "<group>";
		};
		F6D2FFC91A1B825000981D11 /* XLYAutoLayoutEasyDemo */ = {
			isa = PBXGroup;
			children = (
				F6D2FFCE1A1B825000981D11 /* AppDelegate.h */,
				F6D2FFCF1A1B825000981D11 /* AppDelegate.m */,
				F6D2FFD41A1B825000981D11 /* Main.storyboard */,
				F6D2FFD71A1B825000981D11 /* Images.xcassets */,
				F6D2FFD91A1B825000981D11 /* LaunchScreen.xib */,
				F6D2FFCA1A1B825000981D11 /* Supporting Files */,
				F6EE007E1A246774005CF20D /* XLYAutoLayoutEasyDemo-Bridging-Header.h */,
			);
			path = XLYAutoLayoutEasyDemo;
			sourceTree = "<group>";
		};
		F6D2FFCA1A1B825000981D11 /* Supporting Files */ = {
			isa = PBXGroup;
			children = (
				F6D2FFCB1A1B825000981D11 /* Info.plist */,
				F6D2FFCC1A1B825000981D11 /* main.m */,
			);
			name = "Supporting Files";
			sourceTree = "<group>";
		};
		F6D2FFE31A1B825000981D11 /* XLYAutoLayoutEasyDemoTests */ = {
			isa = PBXGroup;
			children = (
				F6D2FFE61A1B825000981D11 /* XLYAutoLayoutEasyDemoTests.m */,
				F6D2FFE41A1B825000981D11 /* Supporting Files */,
			);
			path = XLYAutoLayoutEasyDemoTests;
			sourceTree = "<group>";
		};
		F6D2FFE41A1B825000981D11 /* Supporting Files */ = {
			isa = PBXGroup;
			children = (
				F6D2FFE51A1B825000981D11 /* Info.plist */,
			);
			name = "Supporting Files";
			sourceTree = "<group>";
		};
/* End PBXGroup section */

/* Begin PBXNativeTarget section */
		F6D2FFC61A1B825000981D11 /* XLYAutoLayoutEasyDemo */ = {
			isa = PBXNativeTarget;
			buildConfigurationList = F6D2FFEA1A1B825000981D11 /* Build configuration list for PBXNativeTarget "XLYAutoLayoutEasyDemo" */;
			buildPhases = (
				F6D2FFC31A1B825000981D11 /* Sources */,
				F6D2FFC41A1B825000981D11 /* Frameworks */,
				F6D2FFC51A1B825000981D11 /* Resources */,
			);
			buildRules = (
			);
			dependencies = (
			);
			name = XLYAutoLayoutEasyDemo;
			productName = XLYAutoLayoutEasyDemo;
			productReference = F6D2FFC71A1B825000981D11 /* XLYAutoLayoutEasyDemo.app */;
			productType = "com.apple.product-type.application";
		};
		F6D2FFDF1A1B825000981D11 /* XLYAutoLayoutEasyDemoTests */ = {
			isa = PBXNativeTarget;
			buildConfigurationList = F6D2FFED1A1B825000981D11 /* Build configuration list for PBXNativeTarget "XLYAutoLayoutEasyDemoTests" */;
			buildPhases = (
				F6D2FFDC1A1B825000981D11 /* Sources */,
				F6D2FFDD1A1B825000981D11 /* Frameworks */,
				F6D2FFDE1A1B825000981D11 /* Resources */,
			);
			buildRules = (
			);
			dependencies = (
				F6D2FFE21A1B825000981D11 /* PBXTargetDependency */,
			);
			name = XLYAutoLayoutEasyDemoTests;
			productName = XLYAutoLayoutEasyDemoTests;
			productReference = F6D2FFE01A1B825000981D11 /* XLYAutoLayoutEasyDemoTests.xctest */;
			productType = "com.apple.product-type.bundle.unit-test";
		};
/* End PBXNativeTarget section */

/* Begin PBXProject section */
		F6D2FFBF1A1B825000981D11 /* Project object */ = {
			isa = PBXProject;
			attributes = {
				LastUpgradeCheck = 0610;
				ORGANIZATIONNAME = kaizei;
				TargetAttributes = {
					F6D2FFC61A1B825000981D11 = {
						CreatedOnToolsVersion = 6.1;
					};
					F6D2FFDF1A1B825000981D11 = {
						CreatedOnToolsVersion = 6.1;
						TestTargetID = F6D2FFC61A1B825000981D11;
					};
				};
			};
			buildConfigurationList = F6D2FFC21A1B825000981D11 /* Build configuration list for PBXProject "XLYAutoLayoutEasyDemo" */;
			compatibilityVersion = "Xcode 3.2";
			developmentRegion = English;
			hasScannedForEncodings = 0;
			knownRegions = (
				en,
				Base,
			);
			mainGroup = F6D2FFBE1A1B825000981D11;
			productRefGroup = F6D2FFC81A1B825000981D11 /* Products */;
			projectDirPath = "";
			projectRoot = "";
			targets = (
				F6D2FFC61A1B825000981D11 /* XLYAutoLayoutEasyDemo */,
				F6D2FFDF1A1B825000981D11 /* XLYAutoLayoutEasyDemoTests */,
			);
		};
/* End PBXProject section */

/* Begin PBXResourcesBuildPhase section */
		F6D2FFC51A1B825000981D11 /* Resources */ = {
			isa = PBXResourcesBuildPhase;
			buildActionMask = 2147483647;
			files = (
				F6D2FFD61A1B825000981D11 /* Main.storyboard in Resources */,
				F6D2FFDB1A1B825000981D11 /* LaunchScreen.xib in Resources */,
				F63600FF1A29623100E3DB35 /* LICENSE in Resources */,
				F6D2FFD81A1B825000981D11 /* Images.xcassets in Resources */,
			);
			runOnlyForDeploymentPostprocessing = 0;
		};
		F6D2FFDE1A1B825000981D11 /* Resources */ = {
			isa = PBXResourcesBuildPhase;
			buildActionMask = 2147483647;
			files = (
			);
			runOnlyForDeploymentPostprocessing = 0;
		};
/* End PBXResourcesBuildPhase section */

/* Begin PBXSourcesBuildPhase section */
		F6D2FFC31A1B825000981D11 /* Sources */ = {
			isa = PBXSourcesBuildPhase;
			buildActionMask = 2147483647;
			files = (
				F6B76CE11CC8CD9700436CB2 /* XLYALEGeneration.m in Sources */,
				F6D2FFD01A1B825000981D11 /* AppDelegate.m in Sources */,
				F6D2FFCD1A1B825000981D11 /* main.m in Sources */,
				F6B76CE61CC8E89100436CB2 /* XLYALECocoaExtension.m in Sources */,
				F6B76CDD1CC8C04400436CB2 /* XLYALEAtrribute.m in Sources */,
			);
			runOnlyForDeploymentPostprocessing = 0;
		};
		F6D2FFDC1A1B825000981D11 /* Sources */ = {
			isa = PBXSourcesBuildPhase;
			buildActionMask = 2147483647;
			files = (
				F6D2FFE71A1B825000981D11 /* XLYAutoLayoutEasyDemoTests.m in Sources */,
			);
			runOnlyForDeploymentPostprocessing = 0;
		};
/* End PBXSourcesBuildPhase section */

/* Begin PBXTargetDependency section */
		F6D2FFE21A1B825000981D11 /* PBXTargetDependency */ = {
			isa = PBXTargetDependency;
			target = F6D2FFC61A1B825000981D11 /* XLYAutoLayoutEasyDemo */;
			targetProxy = F6D2FFE11A1B825000981D11 /* PBXContainerItemProxy */;
		};
/* End PBXTargetDependency section */

/* Begin PBXVariantGroup section */
		F6D2FFD41A1B825000981D11 /* Main.storyboard */ = {
			isa = PBXVariantGroup;
			children = (
				F6D2FFD51A1B825000981D11 /* Base */,
			);
			name = Main.storyboard;
			sourceTree = "<group>";
		};
		F6D2FFD91A1B825000981D11 /* LaunchScreen.xib */ = {
			isa = PBXVariantGroup;
			children = (
				F6D2FFDA1A1B825000981D11 /* Base */,
			);
			name = LaunchScreen.xib;
			sourceTree = "<group>";
		};
/* End PBXVariantGroup section */

/* Begin XCBuildConfiguration section */
		F6D2FFE81A1B825000981D11 /* Debug */ = {
			isa = XCBuildConfiguration;
			buildSettings = {
				ALWAYS_SEARCH_USER_PATHS = NO;
				CLANG_CXX_LANGUAGE_STANDARD = "gnu++0x";
				CLANG_CXX_LIBRARY = "libc++";
				CLANG_ENABLE_MODULES = YES;
				CLANG_ENABLE_OBJC_ARC = YES;
				CLANG_WARN_BOOL_CONVERSION = YES;
				CLANG_WARN_CONSTANT_CONVERSION = YES;
				CLANG_WARN_DIRECT_OBJC_ISA_USAGE = YES_ERROR;
				CLANG_WARN_EMPTY_BODY = YES;
				CLANG_WARN_ENUM_CONVERSION = YES;
				CLANG_WARN_INT_CONVERSION = YES;
				CLANG_WARN_OBJC_ROOT_CLASS = YES_ERROR;
				CLANG_WARN_UNREACHABLE_CODE = YES;
				CLANG_WARN__DUPLICATE_METHOD_MATCH = YES;
				"CODE_SIGN_IDENTITY[sdk=iphoneos*]" = "iPhone Developer";
				COPY_PHASE_STRIP = NO;
				ENABLE_STRICT_OBJC_MSGSEND = YES;
				GCC_C_LANGUAGE_STANDARD = gnu99;
				GCC_DYNAMIC_NO_PIC = NO;
				GCC_OPTIMIZATION_LEVEL = 0;
				GCC_PREPROCESSOR_DEFINITIONS = (
					"DEBUG=1",
					"$(inherited)",
				);
				GCC_SYMBOLS_PRIVATE_EXTERN = NO;
				GCC_WARN_64_TO_32_BIT_CONVERSION = YES;
				GCC_WARN_ABOUT_RETURN_TYPE = YES_ERROR;
				GCC_WARN_UNDECLARED_SELECTOR = YES;
				GCC_WARN_UNINITIALIZED_AUTOS = YES_AGGRESSIVE;
				GCC_WARN_UNUSED_FUNCTION = YES;
				GCC_WARN_UNUSED_VARIABLE = YES;
				IPHONEOS_DEPLOYMENT_TARGET = 8.0;
				MTL_ENABLE_DEBUG_INFO = YES;
				ONLY_ACTIVE_ARCH = YES;
				SDKROOT = iphoneos;
			};
			name = Debug;
		};
		F6D2FFE91A1B825000981D11 /* Release */ = {
			isa = XCBuildConfiguration;
			buildSettings = {
				ALWAYS_SEARCH_USER_PATHS = NO;
				CLANG_CXX_LANGUAGE_STANDARD = "gnu++0x";
				CLANG_CXX_LIBRARY = "libc++";
				CLANG_ENABLE_MODULES = YES;
				CLANG_ENABLE_OBJC_ARC = YES;
				CLANG_WARN_BOOL_CONVERSION = YES;
				CLANG_WARN_CONSTANT_CONVERSION = YES;
				CLANG_WARN_DIRECT_OBJC_ISA_USAGE = YES_ERROR;
				CLANG_WARN_EMPTY_BODY = YES;
				CLANG_WARN_ENUM_CONVERSION = YES;
				CLANG_WARN_INT_CONVERSION = YES;
				CLANG_WARN_OBJC_ROOT_CLASS = YES_ERROR;
				CLANG_WARN_UNREACHABLE_CODE = YES;
				CLANG_WARN__DUPLICATE_METHOD_MATCH = YES;
				"CODE_SIGN_IDENTITY[sdk=iphoneos*]" = "iPhone Developer";
				COPY_PHASE_STRIP = YES;
				ENABLE_NS_ASSERTIONS = NO;
				ENABLE_STRICT_OBJC_MSGSEND = YES;
				GCC_C_LANGUAGE_STANDARD = gnu99;
				GCC_WARN_64_TO_32_BIT_CONVERSION = YES;
				GCC_WARN_ABOUT_RETURN_TYPE = YES_ERROR;
				GCC_WARN_UNDECLARED_SELECTOR = YES;
				GCC_WARN_UNINITIALIZED_AUTOS = YES_AGGRESSIVE;
				GCC_WARN_UNUSED_FUNCTION = YES;
				GCC_WARN_UNUSED_VARIABLE = YES;
				IPHONEOS_DEPLOYMENT_TARGET = 8.0;
				MTL_ENABLE_DEBUG_INFO = NO;
				SDKROOT = iphoneos;
				VALIDATE_PRODUCT = YES;
			};
			name = Release;
		};
		F6D2FFEB1A1B825000981D11 /* Debug */ = {
			isa = XCBuildConfiguration;
			buildSettings = {
				ASSETCATALOG_COMPILER_APPICON_NAME = AppIcon;
				CLANG_ENABLE_MODULES = YES;
				GCC_TREAT_WARNINGS_AS_ERRORS = YES;
				INFOPLIST_FILE = XLYAutoLayoutEasyDemo/Info.plist;
				LD_RUNPATH_SEARCH_PATHS = "$(inherited) @executable_path/Frameworks";
				PRODUCT_NAME = "$(TARGET_NAME)";
				SWIFT_OBJC_BRIDGING_HEADER = "XLYAutoLayoutEasyDemo/XLYAutoLayoutEasyDemo-Bridging-Header.h";
				SWIFT_OPTIMIZATION_LEVEL = "-Onone";
			};
			name = Debug;
		};
		F6D2FFEC1A1B825000981D11 /* Release */ = {
			isa = XCBuildConfiguration;
			buildSettings = {
				ASSETCATALOG_COMPILER_APPICON_NAME = AppIcon;
				CLANG_ENABLE_MODULES = YES;
				GCC_TREAT_WARNINGS_AS_ERRORS = YES;
				INFOPLIST_FILE = XLYAutoLayoutEasyDemo/Info.plist;
				LD_RUNPATH_SEARCH_PATHS = "$(inherited) @executable_path/Frameworks";
				PRODUCT_NAME = "$(TARGET_NAME)";
				SWIFT_OBJC_BRIDGING_HEADER = "XLYAutoLayoutEasyDemo/XLYAutoLayoutEasyDemo-Bridging-Header.h";
			};
			name = Release;
		};
		F6D2FFEE1A1B825000981D11 /* Debug */ = {
			isa = XCBuildConfiguration;
			buildSettings = {
				BUNDLE_LOADER = "$(TEST_HOST)";
				FRAMEWORK_SEARCH_PATHS = (
					"$(SDKROOT)/Developer/Library/Frameworks",
					"$(inherited)",
				);
				GCC_PREPROCESSOR_DEFINITIONS = (
					"DEBUG=1",
					"$(inherited)",
				);
				INFOPLIST_FILE = XLYAutoLayoutEasyDemoTests/Info.plist;
				LD_RUNPATH_SEARCH_PATHS = "$(inherited) @executable_path/Frameworks @loader_path/Frameworks";
				PRODUCT_NAME = "$(TARGET_NAME)";
				TEST_HOST = "$(BUILT_PRODUCTS_DIR)/XLYAutoLayoutEasyDemo.app/XLYAutoLayoutEasyDemo";
			};
			name = Debug;
		};
		F6D2FFEF1A1B825000981D11 /* Release */ = {
			isa = XCBuildConfiguration;
			buildSettings = {
				BUNDLE_LOADER = "$(TEST_HOST)";
				FRAMEWORK_SEARCH_PATHS = (
					"$(SDKROOT)/Developer/Library/Frameworks",
					"$(inherited)",
				);
				INFOPLIST_FILE = XLYAutoLayoutEasyDemoTests/Info.plist;
				LD_RUNPATH_SEARCH_PATHS = "$(inherited) @executable_path/Frameworks @loader_path/Frameworks";
				PRODUCT_NAME = "$(TARGET_NAME)";
				TEST_HOST = "$(BUILT_PRODUCTS_DIR)/XLYAutoLayoutEasyDemo.app/XLYAutoLayoutEasyDemo";
			};
			name = Release;
		};
/* End XCBuildConfiguration section */

/* Begin XCConfigurationList section */
		F6D2FFC21A1B825000981D11 /* Build configuration list for PBXProject "XLYAutoLayoutEasyDemo" */ = {
			isa = XCConfigurationList;
			buildConfigurations = (
				F6D2FFE81A1B825000981D11 /* Debug */,
				F6D2FFE91A1B825000981D11 /* Release */,
			);
			defaultConfigurationIsVisible = 0;
			defaultConfigurationName = Release;
		};
		F6D2FFEA1A1B825000981D11 /* Build configuration list for PBXNativeTarget "XLYAutoLayoutEasyDemo" */ = {
			isa = XCConfigurationList;
			buildConfigurations = (
				F6D2FFEB1A1B825000981D11 /* Debug */,
				F6D2FFEC1A1B825000981D11 /* Release */,
			);
			defaultConfigurationIsVisible = 0;
			defaultConfigurationName = Release;
		};
		F6D2FFED1A1B825000981D11 /* Build configuration list for PBXNativeTarget "XLYAutoLayoutEasyDemoTests" */ = {
			isa = XCConfigurationList;
			buildConfigurations = (
				F6D2FFEE1A1B825000981D11 /* Debug */,
				F6D2FFEF1A1B825000981D11 /* Release */,
			);
			defaultConfigurationIsVisible = 0;
			defaultConfigurationName = Release;
		};
/* End XCConfigurationList section */
	};
	rootObject = F6D2FFBF1A1B825000981D11 /* Project object */;
}
